// !$*UTF8*$!
{
	archiveVersion = 1;
	classes = {
	};
	objectVersion = 56;
	objects = {

/* Begin PBXBuildFile section */
		0415E5942AC6F6E6001E7644 /* AppDelegate.swift in Sources */ = {isa = PBXBuildFile; fileRef = 0415E5932AC6F6E6001E7644 /* AppDelegate.swift */; };
		0415E5962AC6F6E6001E7644 /* SceneDelegate.swift in Sources */ = {isa = PBXBuildFile; fileRef = 0415E5952AC6F6E6001E7644 /* SceneDelegate.swift */; };
		0415E5982AC6F6E6001E7644 /* ViewController.swift in Sources */ = {isa = PBXBuildFile; fileRef = 0415E5972AC6F6E6001E7644 /* ViewController.swift */; };
		0415E59B2AC6F6E6001E7644 /* Main.storyboard in Resources */ = {isa = PBXBuildFile; fileRef = 0415E5992AC6F6E6001E7644 /* Main.storyboard */; };
		0415E59D2AC6F6E8001E7644 /* Assets.xcassets in Resources */ = {isa = PBXBuildFile; fileRef = 0415E59C2AC6F6E8001E7644 /* Assets.xcassets */; };
		0415E5A02AC6F6E8001E7644 /* LaunchScreen.storyboard in Resources */ = {isa = PBXBuildFile; fileRef = 0415E59E2AC6F6E8001E7644 /* LaunchScreen.storyboard */; };
		0415E5AB2AC6F6E8001E7644 /* Simple_CalculatorTests.swift in Sources */ = {isa = PBXBuildFile; fileRef = 0415E5AA2AC6F6E8001E7644 /* Simple_CalculatorTests.swift */; };
		0415E5B52AC6F6E8001E7644 /* Simple_CalculatorUITests.swift in Sources */ = {isa = PBXBuildFile; fileRef = 0415E5B42AC6F6E8001E7644 /* Simple_CalculatorUITests.swift */; };
		0415E5B72AC6F6E8001E7644 /* Simple_CalculatorUITestsLaunchTests.swift in Sources */ = {isa = PBXBuildFile; fileRef = 0415E5B62AC6F6E8001E7644 /* Simple_CalculatorUITestsLaunchTests.swift */; };
/* End PBXBuildFile section */

/* Begin PBXContainerItemProxy section */
		0415E5A72AC6F6E8001E7644 /* PBXContainerItemProxy */ = {
			isa = PBXContainerItemProxy;
			containerPortal = 0415E5882AC6F6E6001E7644 /* Project object */;
			proxyType = 1;
			remoteGlobalIDString = 0415E58F2AC6F6E6001E7644;
			remoteInfo = "Simple Calculator";
		};
		0415E5B12AC6F6E8001E7644 /* PBXContainerItemProxy */ = {
			isa = PBXContainerItemProxy;
			containerPortal = 0415E5882AC6F6E6001E7644 /* Project object */;
			proxyType = 1;
			remoteGlobalIDString = 0415E58F2AC6F6E6001E7644;
			remoteInfo = "Simple Calculator";
		};
/* End PBXContainerItemProxy section */

/* Begin PBXFileReference section */
		0415E5902AC6F6E6001E7644 /* Simple Calculator.app */ = {isa = PBXFileReference; explicitFileType = wrapper.application; includeInIndex = 0; path = "Simple Calculator.app"; sourceTree = BUILT_PRODUCTS_DIR; };
		0415E5932AC6F6E6001E7644 /* AppDelegate.swift */ = {isa = PBXFileReference; lastKnownFileType = sourcecode.swift; path = AppDelegate.swift; sourceTree = "<group>"; };
		0415E5952AC6F6E6001E7644 /* SceneDelegate.swift */ = {isa = PBXFileReference; lastKnownFileType = sourcecode.swift; path = SceneDelegate.swift; sourceTree = "<group>"; };
		0415E5972AC6F6E6001E7644 /* ViewController.swift */ = {isa = PBXFileReference; lastKnownFileType = sourcecode.swift; path = ViewController.swift; sourceTree = "<group>"; };
		0415E59A2AC6F6E6001E7644 /* Base */ = {isa = PBXFileReference; lastKnownFileType = file.storyboard; name = Base; path = Base.lproj/Main.storyboard; sourceTree = "<group>"; };
		0415E59C2AC6F6E8001E7644 /* Assets.xcassets */ = {isa = PBXFileReference; lastKnownFileType = folder.assetcatalog; path = Assets.xcassets; sourceTree = "<group>"; };
		0415E59F2AC6F6E8001E7644 /* Base */ = {isa = PBXFileReference; lastKnownFileType = file.storyboard; name = Base; path = Base.lproj/LaunchScreen.storyboard; sourceTree = "<group>"; };
		0415E5A12AC6F6E8001E7644 /* Info.plist */ = {isa = PBXFileReference; lastKnownFileType = text.plist.xml; path = Info.plist; sourceTree = "<group>"; };
		0415E5A62AC6F6E8001E7644 /* Simple CalculatorTests.xctest */ = {isa = PBXFileReference; explicitFileType = wrapper.cfbundle; includeInIndex = 0; path = "Simple CalculatorTests.xctest"; sourceTree = BUILT_PRODUCTS_DIR; };
		0415E5AA2AC6F6E8001E7644 /* Simple_CalculatorTests.swift */ = {isa = PBXFileReference; lastKnownFileType = sourcecode.swift; path = Simple_CalculatorTests.swift; sourceTree = "<group>"; };
		0415E5B02AC6F6E8001E7644 /* Simple CalculatorUITests.xctest */ = {isa = PBXFileReference; explicitFileType = wrapper.cfbundle; includeInIndex = 0; path = "Simple CalculatorUITests.xctest"; sourceTree = BUILT_PRODUCTS_DIR; };
		0415E5B42AC6F6E8001E7644 /* Simple_CalculatorUITests.swift */ = {isa = PBXFileReference; lastKnownFileType = sourcecode.swift; path = Simple_CalculatorUITests.swift; sourceTree = "<group>"; };
		0415E5B62AC6F6E8001E7644 /* Simple_CalculatorUITestsLaunchTests.swift */ = {isa = PBXFileReference; lastKnownFileType = sourcecode.swift; path = Simple_CalculatorUITestsLaunchTests.swift; sourceTree = "<group>"; };
/* End PBXFileReference section */

/* Begin PBXFrameworksBuildPhase section */
		0415E58D2AC6F6E6001E7644 /* Frameworks */ = {
			isa = PBXFrameworksBuildPhase;
			buildActionMask = 2147483647;
			files = (
			);
			runOnlyForDeploymentPostprocessing = 0;
		};
		0415E5A32AC6F6E8001E7644 /* Frameworks */ = {
			isa = PBXFrameworksBuildPhase;
			buildActionMask = 2147483647;
			files = (
			);
			runOnlyForDeploymentPostprocessing = 0;
		};
		0415E5AD2AC6F6E8001E7644 /* Frameworks */ = {
			isa = PBXFrameworksBuildPhase;
			buildActionMask = 2147483647;
			files = (
			);
			runOnlyForDeploymentPostprocessing = 0;
		};
/* End PBXFrameworksBuildPhase section */

/* Begin PBXGroup section */
		0415E5872AC6F6E6001E7644 = {
			isa = PBXGroup;
			children = (
				0415E5922AC6F6E6001E7644 /* Simple Calculator */,
				0415E5A92AC6F6E8001E7644 /* Simple CalculatorTests */,
				0415E5B32AC6F6E8001E7644 /* Simple CalculatorUITests */,
				0415E5912AC6F6E6001E7644 /* Products */,
			);
			sourceTree = "<group>";
		};
		0415E5912AC6F6E6001E7644 /* Products */ = {
			isa = PBXGroup;
			children = (
				0415E5902AC6F6E6001E7644 /* Simple Calculator.app */,
				0415E5A62AC6F6E8001E7644 /* Simple CalculatorTests.xctest */,
				0415E5B02AC6F6E8001E7644 /* Simple CalculatorUITests.xctest */,
			);
			name = Products;
			sourceTree = "<group>";
		};
		0415E5922AC6F6E6001E7644 /* Simple Calculator */ = {
			isa = PBXGroup;
			children = (
				0415E5932AC6F6E6001E7644 /* AppDelegate.swift */,
				0415E5952AC6F6E6001E7644 /* SceneDelegate.swift */,
				0415E5972AC6F6E6001E7644 /* ViewController.swift */,
				0415E5992AC6F6E6001E7644 /* Main.storyboard */,
				0415E59C2AC6F6E8001E7644 /* Assets.xcassets */,
				0415E59E2AC6F6E8001E7644 /* LaunchScreen.storyboard */,
				0415E5A12AC6F6E8001E7644 /* Info.plist */,
			);
			path = "Simple Calculator";
			sourceTree = "<group>";
		};
		0415E5A92AC6F6E8001E7644 /* Simple CalculatorTests */ = {
			isa = PBXGroup;
			children = (
				0415E5AA2AC6F6E8001E7644 /* Simple_CalculatorTests.swift */,
			);
			path = "Simple CalculatorTests";
			sourceTree = "<group>";
		};
		0415E5B32AC6F6E8001E7644 /* Simple CalculatorUITests */ = {
			isa = PBXGroup;
			children = (
				0415E5B42AC6F6E8001E7644 /* Simple_CalculatorUITests.swift */,
				0415E5B62AC6F6E8001E7644 /* Simple_CalculatorUITestsLaunchTests.swift */,
			);
			path = "Simple CalculatorUITests";
			sourceTree = "<group>";
		};
/* End PBXGroup section */

/* Begin PBXNativeTarget section */
		0415E58F2AC6F6E6001E7644 /* Simple Calculator */ = {
			isa = PBXNativeTarget;
			buildConfigurationList = 0415E5BA2AC6F6E8001E7644 /* Build configuration list for PBXNativeTarget "Simple Calculator" */;
			buildPhases = (
				0415E58C2AC6F6E6001E7644 /* Sources */,
				0415E58D2AC6F6E6001E7644 /* Frameworks */,
				0415E58E2AC6F6E6001E7644 /* Resources */,
			);
			buildRules = (
			);
			dependencies = (
			);
			name = "Simple Calculator";
			productName = "Simple Calculator";
			productReference = 0415E5902AC6F6E6001E7644 /* Simple Calculator.app */;
			productType = "com.apple.product-type.application";
		};
		0415E5A52AC6F6E8001E7644 /* Simple CalculatorTests */ = {
			isa = PBXNativeTarget;
			buildConfigurationList = 0415E5BD2AC6F6E8001E7644 /* Build configuration list for PBXNativeTarget "Simple CalculatorTests" */;
			buildPhases = (
				0415E5A22AC6F6E8001E7644 /* Sources */,
				0415E5A32AC6F6E8001E7644 /* Frameworks */,
				0415E5A42AC6F6E8001E7644 /* Resources */,
			);
			buildRules = (
			);
			dependencies = (
				0415E5A82AC6F6E8001E7644 /* PBXTargetDependency */,
			);
			name = "Simple CalculatorTests";
			productName = "Simple CalculatorTests";
			productReference = 0415E5A62AC6F6E8001E7644 /* Simple CalculatorTests.xctest */;
			productType = "com.apple.product-type.bundle.unit-test";
		};
		0415E5AF2AC6F6E8001E7644 /* Simple CalculatorUITests */ = {
			isa = PBXNativeTarget;
			buildConfigurationList = 0415E5C02AC6F6E8001E7644 /* Build configuration list for PBXNativeTarget "Simple CalculatorUITests" */;
			buildPhases = (
				0415E5AC2AC6F6E8001E7644 /* Sources */,
				0415E5AD2AC6F6E8001E7644 /* Frameworks */,
				0415E5AE2AC6F6E8001E7644 /* Resources */,
			);
			buildRules = (
			);
			dependencies = (
				0415E5B22AC6F6E8001E7644 /* PBXTargetDependency */,
			);
			name = "Simple CalculatorUITests";
			productName = "Simple CalculatorUITests";
			productReference = 0415E5B02AC6F6E8001E7644 /* Simple CalculatorUITests.xctest */;
			productType = "com.apple.product-type.bundle.ui-testing";
		};
/* End PBXNativeTarget section */

/* Begin PBXProject section */
		0415E5882AC6F6E6001E7644 /* Project object */ = {
			isa = PBXProject;
			attributes = {
				BuildIndependentTargetsInParallel = 1;
				LastSwiftUpdateCheck = 1500;
				LastUpgradeCheck = 1500;
				TargetAttributes = {
					0415E58F2AC6F6E6001E7644 = {
						CreatedOnToolsVersion = 15.0;
					};
					0415E5A52AC6F6E8001E7644 = {
						CreatedOnToolsVersion = 15.0;
						TestTargetID = 0415E58F2AC6F6E6001E7644;
					};
					0415E5AF2AC6F6E8001E7644 = {
						CreatedOnToolsVersion = 15.0;
						TestTargetID = 0415E58F2AC6F6E6001E7644;
					};
				};
			};
			buildConfigurationList = 0415E58B2AC6F6E6001E7644 /* Build configuration list for PBXProject "Simple Calculator" */;
			compatibilityVersion = "Xcode 14.0";
			developmentRegion = en;
			hasScannedForEncodings = 0;
			knownRegions = (
				en,
				Base,
			);
			mainGroup = 0415E5872AC6F6E6001E7644;
			productRefGroup = 0415E5912AC6F6E6001E7644 /* Products */;
			projectDirPath = "";
			projectRoot = "";
			targets = (
				0415E58F2AC6F6E6001E7644 /* Simple Calculator */,
				0415E5A52AC6F6E8001E7644 /* Simple CalculatorTests */,
				0415E5AF2AC6F6E8001E7644 /* Simple CalculatorUITests */,
			);
		};
/* End PBXProject section */

/* Begin PBXResourcesBuildPhase section */
		0415E58E2AC6F6E6001E7644 /* Resources */ = {
			isa = PBXResourcesBuildPhase;
			buildActionMask = 2147483647;
			files = (
				0415E5A02AC6F6E8001E7644 /* LaunchScreen.storyboard in Resources */,
				0415E59D2AC6F6E8001E7644 /* Assets.xcassets in Resources */,
				0415E59B2AC6F6E6001E7644 /* Main.storyboard in Resources */,
			);
			runOnlyForDeploymentPostprocessing = 0;
		};
		0415E5A42AC6F6E8001E7644 /* Resources */ = {
			isa = PBXResourcesBuildPhase;
			buildActionMask = 2147483647;
			files = (
			);
			runOnlyForDeploymentPostprocessing = 0;
		};
		0415E5AE2AC6F6E8001E7644 /* Resources */ = {
			isa = PBXResourcesBuildPhase;
			buildActionMask = 2147483647;
			files = (
			);
			runOnlyForDeploymentPostprocessing = 0;
		};
/* End PBXResourcesBuildPhase section */

/* Begin PBXSourcesBuildPhase section */
		0415E58C2AC6F6E6001E7644 /* Sources */ = {
			isa = PBXSourcesBuildPhase;
			buildActionMask = 2147483647;
			files = (
				0415E5982AC6F6E6001E7644 /* ViewController.swift in Sources */,
				0415E5942AC6F6E6001E7644 /* AppDelegate.swift in Sources */,
				0415E5962AC6F6E6001E7644 /* SceneDelegate.swift in Sources */,
			);
			runOnlyForDeploymentPostprocessing = 0;
		};
		0415E5A22AC6F6E8001E7644 /* Sources */ = {
			isa = PBXSourcesBuildPhase;
			buildActionMask = 2147483647;
			files = (
				0415E5AB2AC6F6E8001E7644 /* Simple_CalculatorTests.swift in Sources */,
			);
			runOnlyForDeploymentPostprocessing = 0;
		};
		0415E5AC2AC6F6E8001E7644 /* Sources */ = {
			isa = PBXSourcesBuildPhase;
			buildActionMask = 2147483647;
			files = (
				0415E5B72AC6F6E8001E7644 /* Simple_CalculatorUITestsLaunchTests.swift in Sources */,
				0415E5B52AC6F6E8001E7644 /* Simple_CalculatorUITests.swift in Sources */,
			);
			runOnlyForDeploymentPostprocessing = 0;
		};
/* End PBXSourcesBuildPhase section */

/* Begin PBXTargetDependency section */
		0415E5A82AC6F6E8001E7644 /* PBXTargetDependency */ = {
			isa = PBXTargetDependency;
			target = 0415E58F2AC6F6E6001E7644 /* Simple Calculator */;
			targetProxy = 0415E5A72AC6F6E8001E7644 /* PBXContainerItemProxy */;
		};
		0415E5B22AC6F6E8001E7644 /* PBXTargetDependency */ = {
			isa = PBXTargetDependency;
			target = 0415E58F2AC6F6E6001E7644 /* Simple Calculator */;
			targetProxy = 0415E5B12AC6F6E8001E7644 /* PBXContainerItemProxy */;
		};
/* End PBXTargetDependency section */

/* Begin PBXVariantGroup section */
		0415E5992AC6F6E6001E7644 /* Main.storyboard */ = {
			isa = PBXVariantGroup;
			children = (
				0415E59A2AC6F6E6001E7644 /* Base */,
			);
			name = Main.storyboard;
			sourceTree = "<group>";
		};
		0415E59E2AC6F6E8001E7644 /* LaunchScreen.storyboard */ = {
			isa = PBXVariantGroup;
			children = (
				0415E59F2AC6F6E8001E7644 /* Base */,
			);
			name = LaunchScreen.storyboard;
			sourceTree = "<group>";
		};
/* End PBXVariantGroup section */

/* Begin XCBuildConfiguration section */
		0415E5B82AC6F6E8001E7644 /* Debug */ = {
			isa = XCBuildConfiguration;
			buildSettings = {
				ALWAYS_SEARCH_USER_PATHS = NO;
				ASSETCATALOG_COMPILER_GENERATE_SWIFT_ASSET_SYMBOL_EXTENSIONS = YES;
				CLANG_ANALYZER_NONNULL = YES;
				CLANG_ANALYZER_NUMBER_OBJECT_CONVERSION = YES_AGGRESSIVE;
				CLANG_CXX_LANGUAGE_STANDARD = "gnu++20";
				CLANG_ENABLE_MODULES = YES;
				CLANG_ENABLE_OBJC_ARC = YES;
				CLANG_ENABLE_OBJC_WEAK = YES;
				CLANG_WARN_BLOCK_CAPTURE_AUTORELEASING = YES;
				CLANG_WARN_BOOL_CONVERSION = YES;
				CLANG_WARN_COMMA = YES;
				CLANG_WARN_CONSTANT_CONVERSION = YES;
				CLANG_WARN_DEPRECATED_OBJC_IMPLEMENTATIONS = YES;
				CLANG_WARN_DIRECT_OBJC_ISA_USAGE = YES_ERROR;
				CLANG_WARN_DOCUMENTATION_COMMENTS = YES;
				CLANG_WARN_EMPTY_BODY = YES;
				CLANG_WARN_ENUM_CONVERSION = YES;
				CLANG_WARN_INFINITE_RECURSION = YES;
				CLANG_WARN_INT_CONVERSION = YES;
				CLANG_WARN_NON_LITERAL_NULL_CONVERSION = YES;
				CLANG_WARN_OBJC_IMPLICIT_RETAIN_SELF = YES;
				CLANG_WARN_OBJC_LITERAL_CONVERSION = YES;
				CLANG_WARN_OBJC_ROOT_CLASS = YES_ERROR;
				CLANG_WARN_QUOTED_INCLUDE_IN_FRAMEWORK_HEADER = YES;
				CLANG_WARN_RANGE_LOOP_ANALYSIS = YES;
				CLANG_WARN_STRICT_PROTOTYPES = YES;
				CLANG_WARN_SUSPICIOUS_MOVE = YES;
				CLANG_WARN_UNGUARDED_AVAILABILITY = YES_AGGRESSIVE;
				CLANG_WARN_UNREACHABLE_CODE = YES;
				CLANG_WARN__DUPLICATE_METHOD_MATCH = YES;
				COPY_PHASE_STRIP = NO;
				DEBUG_INFORMATION_FORMAT = dwarf;
				ENABLE_STRICT_OBJC_MSGSEND = YES;
				ENABLE_TESTABILITY = YES;
				ENABLE_USER_SCRIPT_SANDBOXING = YES;
				GCC_C_LANGUAGE_STANDARD = gnu17;
				GCC_DYNAMIC_NO_PIC = NO;
				GCC_NO_COMMON_BLOCKS = YES;
				GCC_OPTIMIZATION_LEVEL = 0;
				GCC_PREPROCESSOR_DEFINITIONS = (
					"DEBUG=1",
					"$(inherited)",
				);
				GCC_WARN_64_TO_32_BIT_CONVERSION = YES;
				GCC_WARN_ABOUT_RETURN_TYPE = YES_ERROR;
				GCC_WARN_UNDECLARED_SELECTOR = YES;
				GCC_WARN_UNINITIALIZED_AUTOS = YES_AGGRESSIVE;
				GCC_WARN_UNUSED_FUNCTION = YES;
				GCC_WARN_UNUSED_VARIABLE = YES;
				IPHONEOS_DEPLOYMENT_TARGET = 17.0;
				LOCALIZATION_PREFERS_STRING_CATALOGS = YES;
				MTL_ENABLE_DEBUG_INFO = INCLUDE_SOURCE;
				MTL_FAST_MATH = YES;
				ONLY_ACTIVE_ARCH = YES;
				SDKROOT = iphoneos;
				SWIFT_ACTIVE_COMPILATION_CONDITIONS = "DEBUG $(inherited)";
				SWIFT_OPTIMIZATION_LEVEL = "-Onone";
			};
			name = Debug;
		};
		0415E5B92AC6F6E8001E7644 /* Release */ = {
			isa = XCBuildConfiguration;
			buildSettings = {
				ALWAYS_SEARCH_USER_PATHS = NO;
				ASSETCATALOG_COMPILER_GENERATE_SWIFT_ASSET_SYMBOL_EXTENSIONS = YES;
				CLANG_ANALYZER_NONNULL = YES;
				CLANG_ANALYZER_NUMBER_OBJECT_CONVERSION = YES_AGGRESSIVE;
				CLANG_CXX_LANGUAGE_STANDARD = "gnu++20";
				CLANG_ENABLE_MODULES = YES;
				CLANG_ENABLE_OBJC_ARC = YES;
				CLANG_ENABLE_OBJC_WEAK = YES;
				CLANG_WARN_BLOCK_CAPTURE_AUTORELEASING = YES;
				CLANG_WARN_BOOL_CONVERSION = YES;
				CLANG_WARN_COMMA = YES;
				CLANG_WARN_CONSTANT_CONVERSION = YES;
				CLANG_WARN_DEPRECATED_OBJC_IMPLEMENTATIONS = YES;
				CLANG_WARN_DIRECT_OBJC_ISA_USAGE = YES_ERROR;
				CLANG_WARN_DOCUMENTATION_COMMENTS = YES;
				CLANG_WARN_EMPTY_BODY = YES;
				CLANG_WARN_ENUM_CONVERSION = YES;
				CLANG_WARN_INFINITE_RECURSION = YES;
				CLANG_WARN_INT_CONVERSION = YES;
				CLANG_WARN_NON_LITERAL_NULL_CONVERSION = YES;
				CLANG_WARN_OBJC_IMPLICIT_RETAIN_SELF = YES;
				CLANG_WARN_OBJC_LITERAL_CONVERSION = YES;
				CLANG_WARN_OBJC_ROOT_CLASS = YES_ERROR;
				CLANG_WARN_QUOTED_INCLUDE_IN_FRAMEWORK_HEADER = YES;
				CLANG_WARN_RANGE_LOOP_ANALYSIS = YES;
				CLANG_WARN_STRICT_PROTOTYPES = YES;
				CLANG_WARN_SUSPICIOUS_MOVE = YES;
				CLANG_WARN_UNGUARDED_AVAILABILITY = YES_AGGRESSIVE;
				CLANG_WARN_UNREACHABLE_CODE = YES;
				CLANG_WARN__DUPLICATE_METHOD_MATCH = YES;
				COPY_PHASE_STRIP = NO;
				DEBUG_INFORMATION_FORMAT = "dwarf-with-dsym";
				ENABLE_NS_ASSERTIONS = NO;
				ENABLE_STRICT_OBJC_MSGSEND = YES;
				ENABLE_USER_SCRIPT_SANDBOXING = YES;
				GCC_C_LANGUAGE_STANDARD = gnu17;
				GCC_NO_COMMON_BLOCKS = YES;
				GCC_WARN_64_TO_32_BIT_CONVERSION = YES;
				GCC_WARN_ABOUT_RETURN_TYPE = YES_ERROR;
				GCC_WARN_UNDECLARED_SELECTOR = YES;
				GCC_WARN_UNINITIALIZED_AUTOS = YES_AGGRESSIVE;
				GCC_WARN_UNUSED_FUNCTION = YES;
				GCC_WARN_UNUSED_VARIABLE = YES;
				IPHONEOS_DEPLOYMENT_TARGET = 17.0;
				LOCALIZATION_PREFERS_STRING_CATALOGS = YES;
				MTL_ENABLE_DEBUG_INFO = NO;
				MTL_FAST_MATH = YES;
				SDKROOT = iphoneos;
				SWIFT_COMPILATION_MODE = wholemodule;
				VALIDATE_PRODUCT = YES;
			};
			name = Release;
		};
		0415E5BB2AC6F6E8001E7644 /* Debug */ = {
			isa = XCBuildConfiguration;
			buildSettings = {
				ASSETCATALOG_COMPILER_APPICON_NAME = AppIcon;
				ASSETCATALOG_COMPILER_GLOBAL_ACCENT_COLOR_NAME = AccentColor;
				CODE_SIGN_STYLE = Automatic;
				CURRENT_PROJECT_VERSION = 1;
				GENERATE_INFOPLIST_FILE = YES;
				INFOPLIST_FILE = "Simple Calculator/Info.plist";
				INFOPLIST_KEY_UIApplicationSupportsIndirectInputEvents = YES;
				INFOPLIST_KEY_UILaunchStoryboardName = LaunchScreen;
				INFOPLIST_KEY_UIMainStoryboardFile = Main;
				INFOPLIST_KEY_UISupportedInterfaceOrientations_iPad = "UIInterfaceOrientationPortrait UIInterfaceOrientationPortraitUpsideDown UIInterfaceOrientationLandscapeLeft UIInterfaceOrientationLandscapeRight";
				INFOPLIST_KEY_UISupportedInterfaceOrientations_iPhone = "UIInterfaceOrientationPortrait UIInterfaceOrientationLandscapeLeft UIInterfaceOrientationLandscapeRight";
				LD_RUNPATH_SEARCH_PATHS = (
					"$(inherited)",
					"@executable_path/Frameworks",
				);
				MARKETING_VERSION = 1.0;
				PRODUCT_BUNDLE_IDENTIFIER = "Jefmou.Simple-Calculator";
				PRODUCT_NAME = "$(TARGET_NAME)";
				SWIFT_EMIT_LOC_STRINGS = YES;
				SWIFT_VERSION = 5.0;
				TARGETED_DEVICE_FAMILY = "1,2";
			};
			name = Debug;
		};
		0415E5BC2AC6F6E8001E7644 /* Release */ = {
			isa = XCBuildConfiguration;
			buildSettings = {
				ASSETCATALOG_COMPILER_APPICON_NAME = AppIcon;
				ASSETCATALOG_COMPILER_GLOBAL_ACCENT_COLOR_NAME = AccentColor;
				CODE_SIGN_STYLE = Automatic;
				CURRENT_PROJECT_VERSION = 1;
				GENERATE_INFOPLIST_FILE = YES;
				INFOPLIST_FILE = "Simple Calculator/Info.plist";
				INFOPLIST_KEY_UIApplicationSupportsIndirectInputEvents = YES;
				INFOPLIST_KEY_UILaunchStoryboardName = LaunchScreen;
				INFOPLIST_KEY_UIMainStoryboardFile = Main;
				INFOPLIST_KEY_UISupportedInterfaceOrientations_iPad = "UIInterfaceOrientationPortrait UIInterfaceOrientationPortraitUpsideDown UIInterfaceOrientationLandscapeLeft UIInterfaceOrientationLandscapeRight";
				INFOPLIST_KEY_UISupportedInterfaceOrientations_iPhone = "UIInterfaceOrientationPortrait UIInterfaceOrientationLandscapeLeft UIInterfaceOrientationLandscapeRight";
				LD_RUNPATH_SEARCH_PATHS = (
					"$(inherited)",
					"@executable_path/Frameworks",
				);
				MARKETING_VERSION = 1.0;
				PRODUCT_BUNDLE_IDENTIFIER = "Jefmou.Simple-Calculator";
				PRODUCT_NAME = "$(TARGET_NAME)";
				SWIFT_EMIT_LOC_STRINGS = YES;
				SWIFT_VERSION = 5.0;
				TARGETED_DEVICE_FAMILY = "1,2";
			};
			name = Release;
		};
		0415E5BE2AC6F6E8001E7644 /* Debug */ = {
			isa = XCBuildConfiguration;
			buildSettings = {
				ALWAYS_EMBED_SWIFT_STANDARD_LIBRARIES = YES;
				BUNDLE_LOADER = "$(TEST_HOST)";
				CODE_SIGN_STYLE = Automatic;
				CURRENT_PROJECT_VERSION = 1;
				GENERATE_INFOPLIST_FILE = YES;
				IPHONEOS_DEPLOYMENT_TARGET = 17.0;
				MARKETING_VERSION = 1.0;
				PRODUCT_BUNDLE_IDENTIFIER = "Jefmou.Simple-CalculatorTests";
				PRODUCT_NAME = "$(TARGET_NAME)";
				SWIFT_EMIT_LOC_STRINGS = NO;
				SWIFT_VERSION = 5.0;
				TARGETED_DEVICE_FAMILY = "1,2";
				TEST_HOST = "$(BUILT_PRODUCTS_DIR)/Simple Calculator.app/$(BUNDLE_EXECUTABLE_FOLDER_PATH)/Simple Calculator";
			};
			name = Debug;
		};
		0415E5BF2AC6F6E8001E7644 /* Release */ = {
			isa = XCBuildConfiguration;
			buildSettings = {
				ALWAYS_EMBED_SWIFT_STANDARD_LIBRARIES = YES;
				BUNDLE_LOADER = "$(TEST_HOST)";
				CODE_SIGN_STYLE = Automatic;
				CURRENT_PROJECT_VERSION = 1;
				GENERATE_INFOPLIST_FILE = YES;
				IPHONEOS_DEPLOYMENT_TARGET = 17.0;
				MARKETING_VERSION = 1.0;
				PRODUCT_BUNDLE_IDENTIFIER = "Jefmou.Simple-CalculatorTests";
				PRODUCT_NAME = "$(TARGET_NAME)";
				SWIFT_EMIT_LOC_STRINGS = NO;
				SWIFT_VERSION = 5.0;
				TARGETED_DEVICE_FAMILY = "1,2";
				TEST_HOST = "$(BUILT_PRODUCTS_DIR)/Simple Calculator.app/$(BUNDLE_EXECUTABLE_FOLDER_PATH)/Simple Calculator";
			};
			name = Release;
		};
		0415E5C12AC6F6E8001E7644 /* Debug */ = {
			isa = XCBuildConfiguration;
			buildSettings = {
				ALWAYS_EMBED_SWIFT_STANDARD_LIBRARIES = YES;
				CODE_SIGN_STYLE = Automatic;
				CURRENT_PROJECT_VERSION = 1;
				GENERATE_INFOPLIST_FILE = YES;
				MARKETING_VERSION = 1.0;
				PRODUCT_BUNDLE_IDENTIFIER = "Jefmou.Simple-CalculatorUITests";
				PRODUCT_NAME = "$(TARGET_NAME)";
				SWIFT_EMIT_LOC_STRINGS = NO;
				SWIFT_VERSION = 5.0;
				TARGETED_DEVICE_FAMILY = "1,2";
				TEST_TARGET_NAME = "Simple Calculator";
			};
			name = Debug;
		};
		0415E5C22AC6F6E8001E7644 /* Release */ = {
			isa = XCBuildConfiguration;
			buildSettings = {
				ALWAYS_EMBED_SWIFT_STANDARD_LIBRARIES = YES;
				CODE_SIGN_STYLE = Automatic;
				CURRENT_PROJECT_VERSION = 1;
				GENERATE_INFOPLIST_FILE = YES;
				MARKETING_VERSION = 1.0;
				PRODUCT_BUNDLE_IDENTIFIER = "Jefmou.Simple-CalculatorUITests";
				PRODUCT_NAME = "$(TARGET_NAME)";
				SWIFT_EMIT_LOC_STRINGS = NO;
				SWIFT_VERSION = 5.0;
				TARGETED_DEVICE_FAMILY = "1,2";
				TEST_TARGET_NAME = "Simple Calculator";
			};
			name = Release;
		};
/* End XCBuildConfiguration section */

/* Begin XCConfigurationList section */
		0415E58B2AC6F6E6001E7644 /* Build configuration list for PBXProject "Simple Calculator" */ = {
			isa = XCConfigurationList;
			buildConfigurations = (
				0415E5B82AC6F6E8001E7644 /* Debug */,
				0415E5B92AC6F6E8001E7644 /* Release */,
			);
			defaultConfigurationIsVisible = 0;
			defaultConfigurationName = Release;
		};
		0415E5BA2AC6F6E8001E7644 /* Build configuration list for PBXNativeTarget "Simple Calculator" */ = {
			isa = XCConfigurationList;
			buildConfigurations = (
				0415E5BB2AC6F6E8001E7644 /* Debug */,
				0415E5BC2AC6F6E8001E7644 /* Release */,
			);
			defaultConfigurationIsVisible = 0;
			defaultConfigurationName = Release;
		};
		0415E5BD2AC6F6E8001E7644 /* Build configuration list for PBXNativeTarget "Simple CalculatorTests" */ = {
			isa = XCConfigurationList;
			buildConfigurations = (
				0415E5BE2AC6F6E8001E7644 /* Debug */,
				0415E5BF2AC6F6E8001E7644 /* Release */,
			);
			defaultConfigurationIsVisible = 0;
			defaultConfigurationName = Release;
		};
		0415E5C02AC6F6E8001E7644 /* Build configuration list for PBXNativeTarget "Simple CalculatorUITests" */ = {
			isa = XCConfigurationList;
			buildConfigurations = (
				0415E5C12AC6F6E8001E7644 /* Debug */,
				0415E5C22AC6F6E8001E7644 /* Release */,
			);
			defaultConfigurationIsVisible = 0;
			defaultConfigurationName = Release;
		};
/* End XCConfigurationList section */
	};
	rootObject = 0415E5882AC6F6E6001E7644 /* Project object */;
}
